{
    "_meta": {
        "hash": {
            "sha256": "cda5e320bb28c903439f44e75155e226c0545318f3040da8bf64968570ef5c58"
        },
        "pipfile-spec": 6,
        "requires": {
            "python_version": "3.10"
        },
        "sources": [
            {
                "name": "pypi",
                "url": "https://pypi.org/simple",
                "verify_ssl": true
            }
        ]
    },
    "default": {
        "asttokens": {
            "hashes": [
                "sha256:0dcd8baa8d62b0c1d118b399b2ddba3c4aff271d0d7a9e0d4c1681c79035bbc7",
                "sha256:e3078351a059199dd5138cb1c706e6430c05eff2ff136af5eb4790f9d28932e2"
            ],
            "markers": "python_version >= '3.8'",
            "version": "==3.0.0"
        },
        "certifi": {
            "hashes": [
                "sha256:e564105f78ded564e3ae7c923924435e1daa7463faeab5bb932bc53ffae63407",
                "sha256:f6c12493cfb1b06ba2ff328595af9350c65d6644968e5d3a2ffd78699af217a5"
            ],
            "markers": "python_version >= '3.7'",
            "version": "==2025.8.3"
        },
        "charset-normalizer": {
            "hashes": [
                "sha256:00237675befef519d9af72169d8604a067d92755e84fe76492fef5441db05b91",
                "sha256:02425242e96bcf29a49711b0ca9f37e451da7c70562bc10e8ed992a5a7a25cc0",
                "sha256:027b776c26d38b7f15b26a5da1044f376455fb3766df8fc38563b4efbc515154",
                "sha256:07a0eae9e2787b586e129fdcbe1af6997f8d0e5abaa0bc98c0e20e124d67e601",
                "sha256:0cacf8f7297b0c4fcb74227692ca46b4a5852f8f4f24b3c766dd94a1075c4884",
                "sha256:0e78314bdc32fa80696f72fa16dc61168fda4d6a0c014e0380f9d02f0e5d8a07",
                "sha256:0f2be7e0cf7754b9a30eb01f4295cc3d4358a479843b31f328afd210e2c7598c",
                "sha256:13faeacfe61784e2559e690fc53fa4c5ae97c6fcedb8eb6fb8d0a15b475d2c64",
                "sha256:14c2a87c65b351109f6abfc424cab3927b3bdece6f706e4d12faaf3d52ee5efe",
                "sha256:1606f4a55c0fd363d754049cdf400175ee96c992b1f8018b993941f221221c5f",
                "sha256:16a8770207946ac75703458e2c743631c79c59c5890c80011d536248f8eaa432",
                "sha256:18343b2d246dc6761a249ba1fb13f9ee9a2bcd95decc767319506056ea4ad4dc",
                "sha256:18b97b8404387b96cdbd30ad660f6407799126d26a39ca65729162fd810a99aa",
                "sha256:1bb60174149316da1c35fa5233681f7c0f9f514509b8e399ab70fea5f17e45c9",
                "sha256:1e8ac75d72fa3775e0b7cb7e4629cec13b7514d928d15ef8ea06bca03ef01cae",
                "sha256:1ef99f0456d3d46a50945c98de1774da86f8e992ab5c77865ea8b8195341fc19",
                "sha256:2001a39612b241dae17b4687898843f254f8748b796a2e16f1051a17078d991d",
                "sha256:23b6b24d74478dc833444cbd927c338349d6ae852ba53a0d02a2de1fce45b96e",
                "sha256:252098c8c7a873e17dd696ed98bbe91dbacd571da4b87df3736768efa7a792e4",
                "sha256:257f26fed7d7ff59921b78244f3cd93ed2af1800ff048c33f624c87475819dd7",
                "sha256:2c322db9c8c89009a990ef07c3bcc9f011a3269bc06782f916cd3d9eed7c9312",
                "sha256:30a96e1e1f865f78b030d65241c1ee850cdf422d869e9028e2fc1d5e4db73b92",
                "sha256:30d006f98569de3459c2fc1f2acde170b7b2bd265dc1943e87e1a4efe1b67c31",
                "sha256:31a9a6f775f9bcd865d88ee350f0ffb0e25936a7f930ca98995c05abf1faf21c",
                "sha256:320e8e66157cc4e247d9ddca8e21f427efc7a04bbd0ac8a9faf56583fa543f9f",
                "sha256:34a7f768e3f985abdb42841e20e17b330ad3aaf4bb7e7aeeb73db2e70f077b99",
                "sha256:3653fad4fe3ed447a596ae8638b437f827234f01a8cd801842e43f3d0a6b281b",
                "sha256:3cd35b7e8aedeb9e34c41385fda4f73ba609e561faedfae0a9e75e44ac558a15",
                "sha256:3cfb2aad70f2c6debfbcb717f23b7eb55febc0bb23dcffc0f076009da10c6392",
                "sha256:416175faf02e4b0810f1f38bcb54682878a4af94059a1cd63b8747244420801f",
                "sha256:41d1fc408ff5fdfb910200ec0e74abc40387bccb3252f3f27c0676731df2b2c8",
                "sha256:42e5088973e56e31e4fa58eb6bd709e42fc03799c11c42929592889a2e54c491",
                "sha256:4ca4c094de7771a98d7fbd67d9e5dbf1eb73efa4f744a730437d8a3a5cf994f0",
                "sha256:511729f456829ef86ac41ca78c63a5cb55240ed23b4b737faca0eb1abb1c41bc",
                "sha256:53cd68b185d98dde4ad8990e56a58dea83a4162161b1ea9272e5c9182ce415e0",
                "sha256:585f3b2a80fbd26b048a0be90c5aae8f06605d3c92615911c3a2b03a8a3b796f",
                "sha256:5b413b0b1bfd94dbf4023ad6945889f374cd24e3f62de58d6bb102c4d9ae534a",
                "sha256:5d8d01eac18c423815ed4f4a2ec3b439d654e55ee4ad610e153cf02faf67ea40",
                "sha256:6aab0f181c486f973bc7262a97f5aca3ee7e1437011ef0c2ec04b5a11d16c927",
                "sha256:6cf8fd4c04756b6b60146d98cd8a77d0cdae0e1ca20329da2ac85eed779b6849",
                "sha256:6fb70de56f1859a3f71261cbe41005f56a7842cc348d3aeb26237560bfa5e0ce",
                "sha256:6fce4b8500244f6fcb71465d4a4930d132ba9ab8e71a7859e6a5d59851068d14",
                "sha256:70bfc5f2c318afece2f5838ea5e4c3febada0be750fcf4775641052bbba14d05",
                "sha256:73dc19b562516fc9bcf6e5d6e596df0b4eb98d87e4f79f3ae71840e6ed21361c",
                "sha256:74d77e25adda8581ffc1c720f1c81ca082921329452eba58b16233ab1842141c",
                "sha256:78deba4d8f9590fe4dae384aeff04082510a709957e968753ff3c48399f6f92a",
                "sha256:86df271bf921c2ee3818f0522e9a5b8092ca2ad8b065ece5d7d9d0e9f4849bcc",
                "sha256:88ab34806dea0671532d3f82d82b85e8fc23d7b2dd12fa837978dad9bb392a34",
                "sha256:8999f965f922ae054125286faf9f11bc6932184b93011d138925a1773830bbe9",
                "sha256:8dcfc373f888e4fb39a7bc57e93e3b845e7f462dacc008d9749568b1c4ece096",
                "sha256:939578d9d8fd4299220161fdd76e86c6a251987476f5243e8864a7844476ba14",
                "sha256:96b2b3d1a83ad55310de8c7b4a2d04d9277d5591f40761274856635acc5fcb30",
                "sha256:a2d08ac246bb48479170408d6c19f6385fa743e7157d716e144cad849b2dd94b",
                "sha256:b256ee2e749283ef3ddcff51a675ff43798d92d746d1a6e4631bf8c707d22d0b",
                "sha256:b5e3b2d152e74e100a9e9573837aba24aab611d39428ded46f4e4022ea7d1942",
                "sha256:b89bc04de1d83006373429975f8ef9e7932534b8cc9ca582e4db7d20d91816db",
                "sha256:bd28b817ea8c70215401f657edef3a8aa83c29d447fb0b622c35403780ba11d5",
                "sha256:c60e092517a73c632ec38e290eba714e9627abe9d301c8c8a12ec32c314a2a4b",
                "sha256:c6dbd0ccdda3a2ba7c2ecd9d77b37f3b5831687d8dc1b6ca5f56a4880cc7b7ce",
                "sha256:c6e490913a46fa054e03699c70019ab869e990270597018cef1d8562132c2669",
                "sha256:c6f162aabe9a91a309510d74eeb6507fab5fff92337a15acbe77753d88d9dcf0",
                "sha256:c6fd51128a41297f5409deab284fecbe5305ebd7e5a1f959bee1c054622b7018",
                "sha256:cc34f233c9e71701040d772aa7490318673aa7164a0efe3172b2981218c26d93",
                "sha256:cc9370a2da1ac13f0153780040f465839e6cccb4a1e44810124b4e22483c93fe",
                "sha256:ccf600859c183d70eb47e05a44cd80a4ce77394d1ac0f79dbd2dd90a69a3a049",
                "sha256:ce571ab16d890d23b5c278547ba694193a45011ff86a9162a71307ed9f86759a",
                "sha256:cf1ebb7d78e1ad8ec2a8c4732c7be2e736f6e5123a4146c5b89c9d1f585f8cef",
                "sha256:d0e909868420b7049dafd3a31d45125b31143eec59235311fc4c57ea26a4acd2",
                "sha256:d22dbedd33326a4a5190dd4fe9e9e693ef12160c77382d9e87919bce54f3d4ca",
                "sha256:d716a916938e03231e86e43782ca7878fb602a125a91e7acb8b5112e2e96ac16",
                "sha256:d79c198e27580c8e958906f803e63cddb77653731be08851c7df0b1a14a8fc0f",
                "sha256:d95bfb53c211b57198bb91c46dd5a2d8018b3af446583aab40074bf7988401cb",
                "sha256:e28e334d3ff134e88989d90ba04b47d84382a828c061d0d1027b1b12a62b39b1",
                "sha256:ec557499516fc90fd374bf2e32349a2887a876fbf162c160e3c01b6849eaf557",
                "sha256:fb6fecfd65564f208cbf0fba07f107fb661bcd1a7c389edbced3f7a493f70e37",
                "sha256:fb731e5deb0c7ef82d698b0f4c5bb724633ee2a489401594c5c88b02e6cb15f7",
                "sha256:fb7f67a1bfa6e40b438170ebdc8158b78dc465a5a67b6dde178a46987b244a72",
                "sha256:fd10de089bcdcd1be95a2f73dbe6254798ec1bda9f450d5828c96f93e2536b9c",
                "sha256:fdabf8315679312cfa71302f9bd509ded4f2f263fb5b765cf1433b39106c3cc9"
            ],
            "markers": "python_version >= '3.7'",
            "version": "==3.4.3"
        },
        "comm": {
            "hashes": [
                "sha256:2dc8048c10962d55d7ad693be1e7045d891b7ce8d999c97963a5e3e99c055971",
                "sha256:c615d91d75f7f04f095b30d1c1711babd43bdc6419c1be9886a85f2f4e489417"
            ],
            "markers": "python_version >= '3.8'",
            "version": "==0.2.3"
        },
        "debugpy": {
            "hashes": [
                "sha256:135ccd2b1161bade72a7a099c9208811c137a150839e970aeaf121c2467debe8",
                "sha256:19c9521962475b87da6f673514f7fd610328757ec993bf7ec0d8c96f9a325f9e",
                "sha256:211238306331a9089e253fd997213bc4a4c65f949271057d6695953254095376",
                "sha256:2801329c38f77c47976d341d18040a9ac09d0c71bf2c8b484ad27c74f83dc36f",
                "sha256:2a3958fb9c2f40ed8ea48a0d34895b461de57a1f9862e7478716c35d76f56c65",
                "sha256:31e69a1feb1cf6b51efbed3f6c9b0ef03bc46ff050679c4be7ea6d2e23540870",
                "sha256:64473c4a306ba11a99fe0bb14622ba4fbd943eb004847d9b69b107bde45aa9ea",
                "sha256:67371b28b79a6a12bcc027d94a06158f2fde223e35b5c4e0783b6f9d3b39274a",
                "sha256:687c7ab47948697c03b8f81424aa6dc3f923e6ebab1294732df1ca9773cc67bc",
                "sha256:70f5fcd6d4d0c150a878d2aa37391c52de788c3dc680b97bdb5e529cb80df87a",
                "sha256:75f204684581e9ef3dc2f67687c3c8c183fde2d6675ab131d94084baf8084121",
                "sha256:833a61ed446426e38b0dd8be3e9d45ae285d424f5bf6cd5b2b559c8f12305508",
                "sha256:85df3adb1de5258dca910ae0bb185e48c98801ec15018a263a92bb06be1c8787",
                "sha256:8624a6111dc312ed8c363347a0b59c5acc6210d897e41a7c069de3c53235c9a6",
                "sha256:88eb9ffdfb59bf63835d146c183d6dba1f722b3ae2a5f4b9fc03e925b3358922",
                "sha256:a2ba6fc5d7c4bc84bcae6c5f8edf5988146e55ae654b1bb36fecee9e5e77e9e2",
                "sha256:b202e2843e32e80b3b584bcebfe0e65e0392920dc70df11b2bfe1afcb7a085e4",
                "sha256:b2abae6dd02523bec2dee16bd6b0781cccb53fd4995e5c71cc659b5f45581898",
                "sha256:b5aea1083f6f50023e8509399d7dc6535a351cc9f2e8827d1e093175e4d9fa4c",
                "sha256:bee89e948bc236a5c43c4214ac62d28b29388453f5fd328d739035e205365f0b",
                "sha256:c2c47c2e52b40449552843b913786499efcc3dbc21d6c49287d939cd0dbc49fd",
                "sha256:cf358066650439847ec5ff3dae1da98b5461ea5da0173d93d5e10f477c94609a",
                "sha256:d58c48d8dbbbf48a3a3a638714a2d16de537b0dace1e3432b8e92c57d43707f8",
                "sha256:e5ca7314042e8a614cc2574cd71f6ccd7e13a9708ce3c6d8436959eae56f2378",
                "sha256:f8340a3ac2ed4f5da59e064aa92e39edd52729a88fbde7bbaa54e08249a04493",
                "sha256:fee6db83ea5c978baf042440cfe29695e1a5d48a30147abf4c3be87513609817"
            ],
            "markers": "python_version >= '3.8'",
            "version": "==1.8.16"
        },
        "decorator": {
            "hashes": [
                "sha256:65f266143752f734b0a7cc83c46f4618af75b8c5911b00ccb61d0ac9b6da0360",
                "sha256:d316bb415a2d9e2d2b3abcc4084c6502fc09240e292cd76a76afc106a1c8e04a"
            ],
            "markers": "python_version >= '3.8'",
            "version": "==5.2.1"
        },
        "exceptiongroup": {
            "hashes": [
                "sha256:4d111e6e0c13d0644cad6ddaa7ed0261a0b36971f6d23e7ec9b4b9097da78a10",
                "sha256:b241f5885f560bc56a59ee63ca4c6a8bfa46ae4ad651af316d4e81817bb9fd88"
            ],
            "markers": "python_version >= '3.7'",
            "version": "==1.3.0"
        },
        "executing": {
            "hashes": [
                "sha256:3632cc370565f6648cc328b32435bd120a1e4ebb20c77e3fdde9a13cd1e533c4",
                "sha256:760643d3452b4d777d295bb167ccc74c64a81df23fb5e08eff250c425a4b2017"
            ],
            "markers": "python_version >= '3.8'",
            "version": "==2.2.1"
        },
        "idna": {
            "hashes": [
                "sha256:12f65c9b470abda6dc35cf8e63cc574b1c52b11df2c86030af0ac09b01b13ea9",
                "sha256:946d195a0d259cbba61165e88e65941f16e9b36ea6ddb97f00452bae8b1287d3"
            ],
            "markers": "python_version >= '3.6'",
            "version": "==3.10"
        },
        "ipykernel": {
            "hashes": [
                "sha256:6abb270161896402e76b91394fcdce5d1be5d45f456671e5080572f8505be39b",
                "sha256:aa6b9fb93dca949069d8b85b6c79b2518e32ac583ae9c7d37c51d119e18b3fb4"
            ],
            "index": "pypi",
            "markers": "python_version >= '3.9'",
            "version": "==6.30.1"
        },
        "ipython": {
            "hashes": [
                "sha256:ca815841e1a41a1e6b73a0b08f3038af9b2252564d01fc405356d34033012216",
                "sha256:ed87326596b878932dbcb171e3e698845434d8c61b8d8cd474bf663041a9dcf2"
            ],
            "markers": "python_version >= '3.10'",
            "version": "==8.37.0"
        },
        "jedi": {
            "hashes": [
                "sha256:4770dc3de41bde3966b02eb84fbcf557fb33cce26ad23da12c742fb50ecb11f0",
                "sha256:a8ef22bde8490f57fe5c7681a3c83cb58874daf72b4784de3cce5b6ef6edb5b9"
            ],
            "markers": "python_version >= '3.6'",
            "version": "==0.19.2"
        },
        "jupyter-client": {
            "hashes": [
                "sha256:35b3a0947c4a6e9d589eb97d7d4cd5e90f910ee73101611f01283732bd6d9419",
                "sha256:e8a19cc986cc45905ac3362915f410f3af85424b4c0905e94fa5f2cb08e8f23f"
            ],
            "markers": "python_version >= '3.8'",
            "version": "==8.6.3"
        },
        "jupyter-core": {
            "hashes": [
                "sha256:0a5f9706f70e64786b75acba995988915ebd4601c8a52e534a40b51c95f59941",
                "sha256:c28d268fc90fb53f1338ded2eb410704c5449a358406e8a948b75706e24863d0"
            ],
            "markers": "python_version >= '3.8'",
            "version": "==5.8.1"
        },
        "matplotlib-inline": {
            "hashes": [
                "sha256:8423b23ec666be3d16e16b60bdd8ac4e86e840ebd1dd11a30b9f117f2fa0ab90",
                "sha256:df192d39a4ff8f21b1895d72e6a13f5fcc5099f00fa84384e0ea28c2cc0653ca"
            ],
            "markers": "python_version >= '3.8'",
            "version": "==0.1.7"
        },
        "nest-asyncio": {
            "hashes": [
                "sha256:6f172d5449aca15afd6c646851f4e31e02c598d553a667e38cafa997cfec55fe",
                "sha256:87af6efd6b5e897c81050477ef65c62e2b2f35d51703cae01aff2905b1852e1c"
            ],
            "markers": "python_version >= '3.5'",
            "version": "==1.6.0"
        },
        "numpy": {
            "hashes": [
                "sha256:038613e9fb8c72b0a41f025a7e4c3f0b7a1b5d768ece4796b674c8f3fe13efff",
                "sha256:0678000bb9ac1475cd454c6b8c799206af8107e310843532b04d49649c717a47",
                "sha256:0811bb762109d9708cca4d0b13c4f67146e3c3b7cf8d34018c722adb2d957c84",
                "sha256:0b605b275d7bd0c640cad4e5d30fa701a8d59302e127e5f79138ad62762c3e3d",
                "sha256:0bca768cd85ae743b2affdc762d617eddf3bcf8724435498a1e80132d04879e6",
                "sha256:1bc23a79bfabc5d056d106f9befb8d50c31ced2fbc70eedb8155aec74a45798f",
                "sha256:287cc3162b6f01463ccd86be154f284d0893d2b3ed7292439ea97eafa8170e0b",
                "sha256:37c0ca431f82cd5fa716eca9506aefcabc247fb27ba69c5062a6d3ade8cf8f49",
                "sha256:37e990a01ae6ec7fe7fa1c26c55ecb672dd98b19c3d0e1d1f326fa13cb38d163",
                "sha256:389d771b1623ec92636b0786bc4ae56abafad4a4c513d36a55dce14bd9ce8571",
                "sha256:3d70692235e759f260c3d837193090014aebdf026dfd167834bcba43e30c2a42",
                "sha256:41c5a21f4a04fa86436124d388f6ed60a9343a6f767fced1a8a71c3fbca038ff",
                "sha256:481b49095335f8eed42e39e8041327c05b0f6f4780488f61286ed3c01368d491",
                "sha256:4eeaae00d789f66c7a25ac5f34b71a7035bb474e679f410e5e1a94deb24cf2d4",
                "sha256:55a4d33fa519660d69614a9fad433be87e5252f4b03850642f88993f7b2ca566",
                "sha256:5a6429d4be8ca66d889b7cf70f536a397dc45ba6faeb5f8c5427935d9592e9cf",
                "sha256:5bd4fc3ac8926b3819797a7c0e2631eb889b4118a9898c84f585a54d475b7e40",
                "sha256:5beb72339d9d4fa36522fc63802f469b13cdbe4fdab4a288f0c441b74272ebfd",
                "sha256:6031dd6dfecc0cf9f668681a37648373bddd6421fff6c66ec1624eed0180ee06",
                "sha256:71594f7c51a18e728451bb50cc60a3ce4e6538822731b2933209a1f3614e9282",
                "sha256:74d4531beb257d2c3f4b261bfb0fc09e0f9ebb8842d82a7b4209415896adc680",
                "sha256:7befc596a7dc9da8a337f79802ee8adb30a552a94f792b9c9d18c840055907db",
                "sha256:894b3a42502226a1cac872f840030665f33326fc3dac8e57c607905773cdcde3",
                "sha256:8e41fd67c52b86603a91c1a505ebaef50b3314de0213461c7a6e99c9a3beff90",
                "sha256:8e9ace4a37db23421249ed236fdcdd457d671e25146786dfc96835cd951aa7c1",
                "sha256:8fc377d995680230e83241d8a96def29f204b5782f371c532579b4f20607a289",
                "sha256:9551a499bf125c1d4f9e250377c1ee2eddd02e01eac6644c080162c0c51778ab",
                "sha256:b0544343a702fa80c95ad5d3d608ea3599dd54d4632df855e4c8d24eb6ecfa1c",
                "sha256:b093dd74e50a8cba3e873868d9e93a85b78e0daf2e98c6797566ad8044e8363d",
                "sha256:b412caa66f72040e6d268491a59f2c43bf03eb6c96dd8f0307829feb7fa2b6fb",
                "sha256:b4f13750ce79751586ae2eb824ba7e1e8dba64784086c98cdbbcc6a42112ce0d",
                "sha256:b64d8d4d17135e00c8e346e0a738deb17e754230d7e0810ac5012750bbd85a5a",
                "sha256:ba10f8411898fc418a521833e014a77d3ca01c15b0c6cdcce6a0d2897e6dbbdf",
                "sha256:bd48227a919f1bafbdda0583705e547892342c26fb127219d60a5c36882609d1",
                "sha256:c1f9540be57940698ed329904db803cf7a402f3fc200bfe599334c9bd84a40b2",
                "sha256:c820a93b0255bc360f53eca31a0e676fd1101f673dda8da93454a12e23fc5f7a",
                "sha256:ce47521a4754c8f4593837384bd3424880629f718d87c5d44f8ed763edd63543",
                "sha256:d042d24c90c41b54fd506da306759e06e568864df8ec17ccc17e9e884634fd00",
                "sha256:de749064336d37e340f640b05f24e9e3dd678c57318c7289d222a8a2f543e90c",
                "sha256:e1dda9c7e08dc141e0247a5b8f49cf05984955246a327d4c48bda16821947b2f",
                "sha256:e29554e2bef54a90aa5cc07da6ce955accb83f21ab5de01a62c8478897b264fd",
                "sha256:e3143e4451880bed956e706a3220b4e5cf6172ef05fcc397f6f36a550b1dd868",
                "sha256:e8213002e427c69c45a52bbd94163084025f533a55a59d6f9c5b820774ef3303",
                "sha256:efd28d4e9cd7d7a8d39074a4d44c63eda73401580c5c76acda2ce969e0a38e83",
                "sha256:f0fd6321b839904e15c46e0d257fdd101dd7f530fe03fd6359c1ea63738703f3",
                "sha256:f1372f041402e37e5e633e586f62aa53de2eac8d98cbfb822806ce4bbefcb74d",
                "sha256:f2618db89be1b4e05f7a1a847a9c1c0abd63e63a1607d892dd54668dd92faf87",
                "sha256:f447e6acb680fd307f40d3da4852208af94afdfab89cf850986c3ca00562f4fa",
                "sha256:f92729c95468a2f4f15e9bb94c432a9229d0d50de67304399627a943201baa2f",
                "sha256:f9f1adb22318e121c5c69a09142811a201ef17ab257a1e66ca3025065b7f53ae",
                "sha256:fc0c5673685c508a142ca65209b4e79ed6740a4ed6b2267dbba90f34b0b3cfda",
                "sha256:fc7b73d02efb0e18c000e9ad8b83480dfcd5dfd11065997ed4c6747470ae8915",
                "sha256:fd83c01228a688733f1ded5201c678f0c53ecc1006ffbc404db9f7a899ac6249",
                "sha256:fe27749d33bb772c80dcd84ae7e8df2adc920ae8297400dabec45f0dedb3f6de",
                "sha256:fee4236c876c4e8369388054d02d0e9bb84821feb1a64dd59e137e6511a551f8"
            ],
            "markers": "python_version >= '3.10'",
            "version": "==2.2.6"
        },
        "packaging": {
            "hashes": [
                "sha256:29572ef2b1f17581046b3a2227d5c611fb25ec70ca1ba8554b24b0e69331a484",
                "sha256:d443872c98d677bf60f6a1f2f8c1cb748e8fe762d2bf9d3148b5599295b0fc4f"
            ],
            "markers": "python_version >= '3.8'",
            "version": "==25.0"
        },
        "pandas": {
            "hashes": [
                "sha256:0778ab54c8f399d83d98ffb674d11ec716449956bc6f6821891ab835848687f2",
                "sha256:24472cfc7ced511ac90608728b88312be56edc8f19b9ed885a7d2e47ffaf69c0",
                "sha256:2d1d138848dd71b37e3cbe7cd952ff84e2ab04d8988972166e18567dcc811245",
                "sha256:3bb9d840bf15656805f6a3d87eea9dcb7efdf1314a82adcf7f00b820427c5570",
                "sha256:425705cee8be54db2504e8dd2a730684790b15e5904b750c367611ede49098ab",
                "sha256:4f3320bb55f34af4193020158ef8118ee0fb9aec7cc47d2084dbfdd868a0a24f",
                "sha256:4ffb14f50c74ee541610668137830bb93e9dfa319b1bef2cedf2814cd5ac9c70",
                "sha256:52c858de9e9fc422d25e67e1592a6e6135d7bcf9a19fcaf4d0831a0be496bf21",
                "sha256:57c34b79c13249505e850d0377b722961b99140f81dafbe6f19ef10239f6284a",
                "sha256:6ded51f7e3dd9b4f8b87f2ceb7bd1a8df2491f7ee72f7074c6927a512607199e",
                "sha256:70db5c278bbec0306d32bf78751ff56b9594c05a5098386f6c8a563659124f91",
                "sha256:78425ca12314b23356c28b16765639db10ebb7d8983f705d6759ff7fe41357fa",
                "sha256:8318de0f886e4dcb8f9f36e45a3d6a6c3d1cfdc508354da85e739090f0222991",
                "sha256:8f987ec26e96a8490909bc5d98c514147236e49830cba7df8690f6087c12bbae",
                "sha256:9253edfd015520ce77a9343eb7097429479c039cd3ebe81d7810ea11b4b24695",
                "sha256:977326039bd1ded620001a1889e2ed4798460a6bc5a24fbaebb5f07a41c32a55",
                "sha256:a4f789b7c012a608c08cda4ff0872fd979cb18907a37982abe884e6f529b8793",
                "sha256:b3ba8f5dd470d8bfbc4259829589f4a32881151c49e36384d9eb982b35a12020",
                "sha256:b5337c87c4e963f97becb1217965b6b75c6fe5f54c4cf09b9a5ac52fc0bd03d3",
                "sha256:bbb2c5e94d6aa4e632646a3bacd05c2a871c3aa3e85c9bec9be99cb1267279f2",
                "sha256:c24c7d12d033a372a9daf9ff2c80f8b0af6f98d14664dbb0a4f6a029094928a7",
                "sha256:cda9789e61b44463c1c4fe17ef755de77bcd13b09ba31c940d20f193d63a5dc8",
                "sha256:d08e41d96bc4de6f500afe80936c68fce6099d5a434e2af7c7fd8e7c72a3265d",
                "sha256:d93b7fcfd9f3328072b250d6d001dcfeec5d3bb66c1b9c8941e109a46c0c01a8",
                "sha256:fcd471c9d9f60926ab2f15c6c29164112f458acb42280365fbefa542d0c2fc74"
            ],
            "index": "pypi",
            "markers": "python_version >= '3.8'",
            "version": "==2.0.0"
        },
        "parso": {
            "hashes": [
                "sha256:034d7354a9a018bdce352f48b2a8a450f05e9d6ee85db84764e9b6bd96dafe5a",
                "sha256:646204b5ee239c396d040b90f9e272e9a8017c630092bf59980beb62fd033887"
            ],
            "markers": "python_version >= '3.6'",
            "version": "==0.8.5"
        },
        "pexpect": {
            "hashes": [
                "sha256:7236d1e080e4936be2dc3e326cec0af72acf9212a7e1d060210e70a47e253523",
                "sha256:ee7d41123f3c9911050ea2c2dac107568dc43b2d3b0c7557a33212c398ead30f"
            ],
            "markers": "sys_platform != 'win32' and sys_platform != 'emscripten'",
            "version": "==4.9.0"
        },
        "platformdirs": {
            "hashes": [
                "sha256:abd01743f24e5287cd7a5db3752faf1a2d65353f38ec26d98e25a6db65958c85",
                "sha256:ca753cf4d81dc309bc67b0ea38fd15dc97bc30ce419a7f58d13eb3bf14c4febf"
            ],
            "markers": "python_version >= '3.9'",
            "version": "==4.4.0"
        },
        "prompt-toolkit": {
            "hashes": [
                "sha256:28cde192929c8e7321de85de1ddbe736f1375148b02f2e17edd840042b1be855",
                "sha256:9aac639a3bbd33284347de5ad8d68ecc044b91a762dc39b7c21095fcd6a19955"
            ],
            "markers": "python_version >= '3.8'",
            "version": "==3.0.52"
        },
        "psutil": {
            "hashes": [
                "sha256:101d71dc322e3cffd7cea0650b09b3d08b8e7c4109dd6809fe452dfd00e58b25",
                "sha256:1e744154a6580bc968a0195fd25e80432d3afec619daf145b9e5ba16cc1d688e",
                "sha256:1fcee592b4c6f146991ca55919ea3d1f8926497a713ed7faaf8225e174581e91",
                "sha256:39db632f6bb862eeccf56660871433e111b6ea58f2caea825571951d4b6aa3da",
                "sha256:4b1388a4f6875d7e2aff5c4ca1cc16c545ed41dd8bb596cefea80111db353a34",
                "sha256:4cf3d4eb1aa9b348dec30105c55cd9b7d4629285735a102beb4441e38db90553",
                "sha256:7be9c3eba38beccb6495ea33afd982a44074b78f28c434a1f51cc07fd315c456",
                "sha256:84df4eb63e16849689f76b1ffcb36db7b8de703d1bc1fe41773db487621b6c17",
                "sha256:a5f098451abc2828f7dc6b58d44b532b22f2088f4999a937557b603ce72b1993",
                "sha256:ba3fcef7523064a6c9da440fc4d6bd07da93ac726b5733c29027d7dc95b39d99"
            ],
            "markers": "python_version >= '3.6'",
            "version": "==7.0.0"
        },
        "ptyprocess": {
            "hashes": [
                "sha256:4b41f3967fce3af57cc7e94b888626c18bf37a083e3651ca8feeb66d492fef35",
                "sha256:5c5d0a3b48ceee0b48485e0c26037c0acd7d29765ca3fbb5cb3831d347423220"
            ],
            "version": "==0.7.0"
        },
        "pure-eval": {
            "hashes": [
                "sha256:1db8e35b67b3d218d818ae653e27f06c3aa420901fa7b081ca98cbedc874e0d0",
                "sha256:5f4e983f40564c576c7c8635ae88db5956bb2229d7e9237d03b3c0b0190eaf42"
            ],
            "version": "==0.2.3"
        },
        "pygments": {
            "hashes": [
                "sha256:636cb2477cec7f8952536970bc533bc43743542f70392ae026374600add5b887",
                "sha256:86540386c03d588bb81d44bc3928634ff26449851e99741617ecb9037ee5ec0b"
            ],
            "markers": "python_version >= '3.8'",
            "version": "==2.19.2"
        },
        "python-dateutil": {
            "hashes": [
                "sha256:37dd54208da7e1cd875388217d5e00ebd4179249f90fb72437e91a35459a0ad3",
                "sha256:a8b2bc7bffae282281c8140a97d3aa9c14da0b136dfe83f850eea9a5f7470427"
            ],
            "markers": "python_version >= '2.7' and python_version not in '3.0, 3.1, 3.2'",
            "version": "==2.9.0.post0"
        },
        "pytz": {
            "hashes": [
                "sha256:360b9e3dbb49a209c21ad61809c7fb453643e048b38924c765813546746e81c3",
                "sha256:5ddf76296dd8c44c26eb8f4b6f35488f3ccbf6fbbd7adee0b7262d43f0ec2f00"
            ],
            "version": "==2025.2"
        },
        "pyzmq": {
            "hashes": [
                "sha256:05288947797dcd6724702db2056972dceef9963a83041eb734aea504416094ec",
                "sha256:063845960df76599ad4fad69fa4d884b3ba38304272104fdcd7e3af33faeeb1d",
                "sha256:0f6e9b00d81b58f859fffc112365d50413954e02aefe36c5b4c8fb4af79f8cc3",
                "sha256:1326500792a9cb0992db06bbaf5d0098459133868932b81a6e90d45c39eca99d",
                "sha256:25a100d2de2ac0c644ecf4ce0b509a720d12e559c77aff7e7e73aa684f0375bc",
                "sha256:272d772d116615397d2be2b1417b3b8c8bc8671f93728c2f2c25002a4530e8f6",
                "sha256:2cb5bcfc51c7a4fce335d3bc974fd1d6a916abbcdd2b25f6e89d37b8def25f57",
                "sha256:2e73cf3b127a437fef4100eb3ac2ebe6b49e655bb721329f667f59eca0a26221",
                "sha256:2ef3067cb5b51b090fb853f423ad7ed63836ec154374282780a62eb866bf5768",
                "sha256:31c26a5d0b00befcaeeb600d8b15ad09f5604b6f44e2057ec5e521a9e18dcd9a",
                "sha256:340e7cddc32f147c6c00d116a3f284ab07ee63dbd26c52be13b590520434533c",
                "sha256:36508466a266cf78bba2f56529ad06eb38ba827f443b47388d420bec14d331ba",
                "sha256:3660d85e2b6a28eb2d586dedab9c61a7b7c64ab0d89a35d2973c7be336f12b0d",
                "sha256:38ff75b2a36e3a032e9fef29a5871e3e1301a37464e09ba364e3c3193f62982a",
                "sha256:3b02ba0c0b2b9ebe74688002e6c56c903429924a25630804b9ede1f178aa5a3f",
                "sha256:3e44e665d78a07214b2772ccbd4b9bcc6d848d7895f1b2d7653f047b6318a4f6",
                "sha256:3e8f833dd82af11db5321c414638045c70f61009f72dd61c88db4a713c1fb1d2",
                "sha256:400f34321e3bd89b1165b91ea6b18ad26042ba9ad0dfed8b35049e2e24eeab9b",
                "sha256:4108785f2e5ac865d06f678a07a1901e3465611356df21a545eeea8b45f56265",
                "sha256:41f0bd56d9279392810950feb2785a419c2920bbf007fdaaa7f4a07332ae492d",
                "sha256:47c5dda2018c35d87be9b83de0890cb92ac0791fd59498847fc4eca6ff56671d",
                "sha256:47eb65bb25478358ba3113dd9a08344f616f417ad3ffcbb190cd874fae72b1b1",
                "sha256:49d8d05d9844d83cddfbc86a82ac0cafe7ab694fcc9c9618de8d015c318347c3",
                "sha256:4e4520577971d01d47e2559bb3175fce1be9103b18621bf0b241abe0a933d040",
                "sha256:4e4d88b6cff156fed468903006b24bbd85322612f9c2f7b96e72d5016fd3f543",
                "sha256:4ecfc7999ac44c9ef92b5ae8f0b44fb935297977df54d8756b195a3cd12f38f0",
                "sha256:515d20b5c3c86db95503faa989853a8ab692aab1e5336db011cd6d35626c4cb1",
                "sha256:565bee96a155fe6452caed5fb5f60c9862038e6b51a59f4f632562081cdb4004",
                "sha256:56d7de7bf73165b90bd25a8668659ccb134dd28449116bf3c7e9bab5cf8a8ec9",
                "sha256:58d4cc9b6b768478adfc40a5cbee545303db8dbc81ba688474e0f499cc581028",
                "sha256:59a50f5eedf8ed20b7dbd57f1c29b2de003940dea3eedfbf0fbfea05ee7f9f61",
                "sha256:5b45153cb8eadcab14139970643a84f7a7b08dda541fbc1f6f4855c49334b549",
                "sha256:5da05e3c22c95e23bfc4afeee6ff7d4be9ff2233ad6cb171a0e8257cd46b169a",
                "sha256:5de735c745ca5cefe9c2d1547d8f28cfe1b1926aecb7483ab1102fd0a746c093",
                "sha256:5e558be423631704803bc6a642e2caa96083df759e25fe6eb01f2d28725f80bd",
                "sha256:5ee9560cb1e3094ef01fc071b361121a57ebb8d4232912b6607a6d7d2d0a97b4",
                "sha256:6156ad5e8bbe8a78a3f5b5757c9a883b0012325c83f98ce6d58fcec81e8b3d06",
                "sha256:61678b7407b04df8f9423f188156355dc94d0fb52d360ae79d02ed7e0d431eea",
                "sha256:6b2b74aac3392b8cf508ccb68c980a8555298cd378434a2d065d6ce0f4211dff",
                "sha256:734be4f44efba0aa69bf5f015ed13eb69ff29bf0d17ea1e21588b095a3147b8e",
                "sha256:795c4884cfe7ea59f2b67d82b417e899afab889d332bfda13b02f8e0c155b2e4",
                "sha256:7a5709abe8d23ca158a9d0a18c037f4193f5b6afeb53be37173a41e9fb885792",
                "sha256:7db5db88c24cf9253065d69229a148ff60821e5d6f8ff72579b1f80f8f348bab",
                "sha256:7f01118133427cd7f34ee133b5098e2af5f70303fa7519785c007bca5aa6f96a",
                "sha256:8426c0ebbc11ed8416a6e9409c194142d677c2c5c688595f2743664e356d9e9b",
                "sha256:845a35fb21b88786aeb38af8b271d41ab0967985410f35411a27eebdc578a076",
                "sha256:849123fd9982c7f63911fdceba9870f203f0f32c953a3bab48e7f27803a0e3ec",
                "sha256:85e3c6fb0d25ea046ebcfdc2bcb9683d663dc0280645c79a616ff5077962a15b",
                "sha256:862aedec0b0684a5050cdb5ec13c2da96d2f8dffda48657ed35e312a4e31553b",
                "sha256:86898f5c9730df23427c1ee0097d8aa41aa5f89539a79e48cd0d2c22d059f1b7",
                "sha256:8b32c4636ced87dce0ac3d671e578b3400215efab372f1b4be242e8cf0b11384",
                "sha256:8ffe40c216c41756ca05188c3e24a23142334b304f7aebd75c24210385e35573",
                "sha256:989066d51686415f1da646d6e2c5364a9b084777c29d9d1720aa5baf192366ef",
                "sha256:9cbad4ef12e4c15c94d2c24ecd15a8ed56bf091c62f121a2b0c618ddd4b7402b",
                "sha256:9e4dc5c9a6167617251dea0d024d67559795761aabb4b7ea015518be898be076",
                "sha256:a00e6390e52770ba1ec753b2610f90b4f00e74c71cfc5405b917adf3cc39565e",
                "sha256:a0621ec020c49fc1b6e31304f1a820900d54e7d9afa03ea1634264bf9387519e",
                "sha256:a1acf091f53bb406e9e5e7383e467d1dd1b94488b8415b890917d30111a1fef3",
                "sha256:a6fc24f00293f10aff04d55ca37029b280474c91f4de2cad5e911e5e10d733b7",
                "sha256:aa9c1c208c263b84386ac25bed6af5672397dc3c232638114fc09bca5c7addf9",
                "sha256:ad38daf57495beadc0d929e8901b2aa46ff474239b5a8a46ccc7f67dc01d2335",
                "sha256:b18045668d09cf0faa44918af2a67f0dbbef738c96f61c2f1b975b1ddb92ccfc",
                "sha256:b38e01f11e9e95f6668dc8a62dccf9483f454fed78a77447507a0e8dcbd19a63",
                "sha256:b398dd713b18de89730447347e96a0240225e154db56e35b6bb8447ffdb07798",
                "sha256:b751914a73604d40d88a061bab042a11d4511b3ddbb7624cd83c39c8a498564c",
                "sha256:ba95693f9df8bb4a9826464fb0fe89033936f35fd4a8ff1edff09a473570afa0",
                "sha256:bbbb7e2f3ac5a22901324e7b086f398b8e16d343879a77b15ca3312e8cd8e6d5",
                "sha256:bccfee44b392f4d13bbf05aa88d8f7709271b940a8c398d4216fde6b717624ae",
                "sha256:c4833e02fcf2751975457be1dfa2f744d4d09901a8cc106acaa519d868232175",
                "sha256:c4c20ba8389f495c7b4f6b896bb1ca1e109a157d4f189267a902079699aaf787",
                "sha256:c5be232f7219414ff672ff7ab8c5a7e8632177735186d8a42b57b491fafdd64e",
                "sha256:c5ee06945f3069e3609819890a01958c4bbfea7a2b31ae87107c6478838d309e",
                "sha256:ca42a6ce2d697537da34f77a1960d21476c6a4af3e539eddb2b114c3cf65a78c",
                "sha256:cb77923ea163156da14295c941930bd525df0d29c96c1ec2fe3c3806b1e17cb3",
                "sha256:cc283595b82f0db155a52f6462945c7b6b47ecaae2f681746eeea537c95cf8c9",
                "sha256:cea2f26c5972796e02b222968a21a378d09eb4ff590eb3c5fafa8913f8c2bdf5",
                "sha256:d00e81cb0afd672915257a3927124ee2ad117ace3c256d39cd97ca3f190152ad",
                "sha256:d2b4b261dce10762be5c116b6ad1f267a9429765b493c454f049f33791dd8b8a",
                "sha256:d67a0960803a37b60f51b460c58444bc7033a804c662f5735172e21e74ee4902",
                "sha256:dd4d3e6a567ffd0d232cfc667c49d0852d0ee7481458a2a1593b9b1bc5acba88",
                "sha256:de84e1694f9507b29e7b263453a2255a73e3d099d258db0f14539bad258abe41",
                "sha256:dff9198adbb6810ad857f3bfa59b4859c45acb02b0d198b39abeafb9148474f3",
                "sha256:e297784aea724294fe95e442e39a4376c2f08aa4fae4161c669f047051e31b02",
                "sha256:e3659a79ded9745bc9c2aef5b444ac8805606e7bc50d2d2eb16dc3ab5483d91f",
                "sha256:e3c824b70925963bdc8e39a642672c15ffaa67e7d4b491f64662dd56d6271263",
                "sha256:e4b860edf6379a7234ccbb19b4ed2c57e3ff569c3414fadfb49ae72b61a8ef07",
                "sha256:ea4f498f8115fd90d7bf03a3e83ae3e9898e43362f8e8e8faec93597206e15cc",
                "sha256:f0944d65ba2b872b9fcece08411d6347f15a874c775b4c3baae7f278550da0fb",
                "sha256:f1151b33aaf3b4fa9da26f4d696e38eebab67d1b43c446184d733c700b3ff8ce",
                "sha256:f3dba49ff037d02373a9306b58d6c1e0be031438f822044e8767afccfdac4c6b",
                "sha256:f54ca3e98f8f4d23e989c7d0edcf9da7a514ff261edaf64d1d8653dd5feb0a8b",
                "sha256:f9528a4b3e24189cb333a9850fddbbafaa81df187297cfbddee50447cdb042cf"
            ],
            "markers": "python_version >= '3.8'",
            "version": "==27.0.2"
        },
        "requests": {
            "hashes": [
                "sha256:64299f4909223da747622c030b781c0d7811e359c37124b4bd368fb8c6518baa",
                "sha256:98b1b2782e3c6c4904938b84c0eb932721069dfdb9134313beff7c83c2df24bf"
            ],
            "index": "pypi",
            "markers": "python_version >= '3.7' and python_version < '4'",
            "version": "==2.28.2"
        },
        "six": {
            "hashes": [
                "sha256:4721f391ed90541fddacab5acf947aa0d3dc7d27b2e1e8eda2be8970586c3274",
                "sha256:ff70335d468e7eb6ec65b95b99d3a2836546063f63acc5171de367e834932a81"
            ],
            "markers": "python_version >= '2.7' and python_version not in '3.0, 3.1, 3.2'",
            "version": "==1.17.0"
        },
        "stack-data": {
            "hashes": [
                "sha256:836a778de4fec4dcd1dcd89ed8abff8a221f58308462e1c4aa2a3cf30148f0b9",
                "sha256:d5558e0c25a4cb0853cddad3d77da9891a08cb85dd9f9f91b9f8cd66e511e695"
            ],
            "version": "==0.6.3"
        },
        "tornado": {
            "hashes": [
                "sha256:06ceb1300fd70cb20e43b1ad8aaee0266e69e7ced38fa910ad2e03285009ce7c",
                "sha256:2436822940d37cde62771cff8774f4f00b3c8024fe482e16ca8387b8a2724db6",
                "sha256:583a52c7aa94ee046854ba81d9ebb6c81ec0fd30386d96f7640c96dad45a03ef",
                "sha256:74db443e0f5251be86cbf37929f84d8c20c27a355dd452a5cfa2aada0d001ec4",
                "sha256:ab53c8f9a0fa351e2c0741284e06c7a45da86afb544133201c5cc8578eb076a0",
                "sha256:b0fe179f28d597deab2842b86ed4060deec7388f1fd9c1b4a41adf8af058907e",
                "sha256:b186e85d1e3536d69583d2298423744740986018e393d0321df7340e71898882",
                "sha256:b5e735ab2889d7ed33b32a459cac490eda71a1ba6857b0118de476ab6c366c04",
                "sha256:c6f29e94d9b37a95013bb669616352ddb82e3bfe8326fccee50583caebc8a5f0",
                "sha256:d6c33dc3672e3a1f3618eb63b7ef4683a7688e7b9e6e8f0d9aa5726360a004af",
                "sha256:e56a5af51cc30dd2cae649429af65ca2f6571da29504a07995175df14c18f35f",
                "sha256:e792706668c87709709c18b353da1f7662317b563ff69f00bab83595940c7108"
            ],
            "markers": "python_version >= '3.9'",
            "version": "==6.5.2"
        },
        "traitlets": {
            "hashes": [
                "sha256:9ed0579d3502c94b4b3732ac120375cda96f923114522847de4b3bb98b96b6b7",
                "sha256:b74e89e397b1ed28cc831db7aea759ba6640cb3de13090ca145426688ff1ac4f"
            ],
            "markers": "python_version >= '3.8'",
            "version": "==5.14.3"
        },
        "typing-extensions": {
            "hashes": [
                "sha256:0cea48d173cc12fa28ecabc3b837ea3cf6f38c6d1136f85cbaaf598984861466",
                "sha256:f0fa19c6845758ab08074a0cfa8b7aecb71c999ca73d62883bc25cc018c4e548"
            ],
            "markers": "python_version >= '3.9'",
            "version": "==4.15.0"
        },
        "tzdata": {
            "hashes": [
                "sha256:1a403fada01ff9221ca8044d701868fa132215d84beb92242d9acd2147f667a8",
                "sha256:b60a638fcc0daffadf82fe0f57e53d06bdec2f36c4df66280ae79bce6bd6f2b9"
            ],
            "markers": "python_version >= '2'",
            "version": "==2025.2"
        },
        "urllib3": {
            "hashes": [
                "sha256:0ed14ccfbf1c30a9072c7ca157e4319b70d65f623e91e7b32fadb2853431016e",
                "sha256:40c2dc0c681e47eb8f90e7e27bf6ff7df2e677421fd46756da1161c39ca70d32"
            ],
            "markers": "python_version >= '2.7' and python_version not in '3.0, 3.1, 3.2, 3.3, 3.4, 3.5'",
            "version": "==1.26.20"
        },
        "wcwidth": {
            "hashes": [
                "sha256:3da69048e4540d84af32131829ff948f1e022c1c6bdb8d6102117aac784f6859",
                "sha256:72ea0c06399eb286d978fdedb6923a9eb47e1c486ce63e9b4e64fc18303972b5"
            ],
            "version": "==0.2.13"
        }
    },
    "develop": {}
}
